Microsoft Visual Studio Solution File, Format Version 12.00
# Visual Studio Version 16
VisualStudioVersion = 16.0.29230.61
MinimumVisualStudioVersion = 10.0.40219.1
Project("{9A19103F-16F7-4668-BE54-9A1E7A4F7556}") = "Blog", "src\Blog.csproj", "{C87DE67F-CE1A-4376-AA80-F34D3F38896A}"
EndProject
Global
	GlobalSection(SolutionConfigurationPlatforms) = preSolution
		Debug|Any CPU = Debug|Any CPU
		Release|Any CPU = Release|Any CPU
	EndGlobalSection
	GlobalSection(ProjectConfigurationPlatforms) = postSolution
		{C87DE67F-CE1A-4376-AA80-F34D3F38896A}.Debug|Any CPU.ActiveCfg = Debug|Any CPU
		{C87DE67F-CE1A-4376-AA80-F34D3F38896A}.Debug|Any CPU.Build.0 = Debug|Any CPU
		{C87DE67F-CE1A-4376-AA80-F34D3F38896A}.Release|Any CPU.ActiveCfg = Release|Any CPU
		{C87DE67F-CE1A-4376-AA80-F34D3F38896A}.Release|Any CPU.Build.0 = Release|Any CPU
	EndGlobalSection
	GlobalSection(SolutionProperties) = preSolution
		HideSolutionNode = FALSE
	EndGlobalSection
	GlobalSection(ExtensibilityGlobals) = postSolution
		SolutionGuid = {FA946CA1-024E-4EFC-8A62-58ECB56C31C2}
	EndGlobalSection
EndGlobal
